
Microsoft Visual Studio Solution File, Format Version 12.00
# Visual Studio Version 17
VisualStudioVersion = 17.12.35707.178
MinimumVisualStudioVersion = 10.0.40219.1
Project("{FAE04EC0-301F-11D3-BF4B-00C04F79EFBC}") = "ItlaPrime.Database", "ItlaPrime.Database\ItlaPrime.Database.csproj", "{DE0CF9E7-BA7F-4D9F-B66B-1ADD092D8003}"
EndProject
Project("{FAE04EC0-301F-11D3-BF4B-00C04F79EFBC}") = "ItlaPrime.MVC", "ItlaPrime.MVC\ItlaPrime.MVC.csproj", "{56AC74BC-12E3-4EB7-A007-1382F9CEC313}"
EndProject
Project("{FAE04EC0-301F-11D3-BF4B-00C04F79EFBC}") = "ItlaPrime.Application", "ItlaPrime.Application\ItlaPrime.Application.csproj", "{9AC83FF8-10E7-4554-BE64-1BFFF07F42E2}"
EndProject
Global
	GlobalSection(SolutionConfigurationPlatforms) = preSolution
		Debug|Any CPU = Debug|Any CPU
		Release|Any CPU = Release|Any CPU
	EndGlobalSection
	GlobalSection(ProjectConfigurationPlatforms) = postSolution
		{DE0CF9E7-BA7F-4D9F-B66B-1ADD092D8003}.Debug|Any CPU.ActiveCfg = Debug|Any CPU
		{DE0CF9E7-BA7F-4D9F-B66B-1ADD092D8003}.Debug|Any CPU.Build.0 = Debug|Any CPU
		{DE0CF9E7-BA7F-4D9F-B66B-1ADD092D8003}.Release|Any CPU.ActiveCfg = Release|Any CPU
		{DE0CF9E7-BA7F-4D9F-B66B-1ADD092D8003}.Release|Any CPU.Build.0 = Release|Any CPU
		{56AC74BC-12E3-4EB7-A007-1382F9CEC313}.Debug|Any CPU.ActiveCfg = Debug|Any CPU
		{56AC74BC-12E3-4EB7-A007-1382F9CEC313}.Debug|Any CPU.Build.0 = Debug|Any CPU
		{56AC74BC-12E3-4EB7-A007-1382F9CEC313}.Release|Any CPU.ActiveCfg = Release|Any CPU
		{56AC74BC-12E3-4EB7-A007-1382F9CEC313}.Release|Any CPU.Build.0 = Release|Any CPU
		{9AC83FF8-10E7-4554-BE64-1BFFF07F42E2}.Debug|Any CPU.ActiveCfg = Debug|Any CPU
		{9AC83FF8-10E7-4554-BE64-1BFFF07F42E2}.Debug|Any CPU.Build.0 = Debug|Any CPU
		{9AC83FF8-10E7-4554-BE64-1BFFF07F42E2}.Release|Any CPU.ActiveCfg = Release|Any CPU
		{9AC83FF8-10E7-4554-BE64-1BFFF07F42E2}.Release|Any CPU.Build.0 = Release|Any CPU
	EndGlobalSection
	GlobalSection(SolutionProperties) = preSolution
		HideSolutionNode = FALSE
	EndGlobalSection
EndGlobal
